
Microsoft Visual Studio Solution File, Format Version 12.00
# Visual Studio Version 17
VisualStudioVersion = 17.9.34622.214
MinimumVisualStudioVersion = 10.0.40219.1
Project("{9A19103F-16F7-4668-BE54-9A1E7A4F7556}") = "PDP lab 4-1", "PDP lab 4\PDP lab 4-1.csproj", "{69E39733-C85D-40FE-A4EC-C2BA46D27A29}"
EndProject
Project("{9A19103F-16F7-4668-BE54-9A1E7A4F7556}") = "PDP lab 4-2", "PDP lab 4-2\PDP lab 4-2.csproj", "{C7DFB6BA-CC9D-4A39-99A6-AEBD1ED1E571}"
EndProject
Project("{9A19103F-16F7-4668-BE54-9A1E7A4F7556}") = "PDP lab 4-3", "PDP lab 4-3\PDP lab 4-3.csproj", "{E0BE928F-212D-45AF-9599-27645280E8EF}"
EndProject
Project("{9A19103F-16F7-4668-BE54-9A1E7A4F7556}") = "Original Files", "Original Files\Original Files.csproj", "{9D5B6ED1-20AB-48CE-BB6A-C813745E367C}"
EndProject
Project("{9A19103F-16F7-4668-BE54-9A1E7A4F7556}") = "PDP lab 5", "PDP lab 5\PDP lab 5.csproj", "{EE41C99B-73E5-4864-829F-76AB99B1346E}"
EndProject
Project("{9A19103F-16F7-4668-BE54-9A1E7A4F7556}") = "PDP lab 6", "PDP lab 6\PDP lab 6.csproj", "{5231664B-3BE0-41C7-BB55-AD15BD40890D}"
EndProject
Project("{9A19103F-16F7-4668-BE54-9A1E7A4F7556}") = "PDP lab 7", "PDP lab 7\PDP lab 7.csproj", "{377F86BA-CEA8-40AF-B8DD-634FCFC4D51E}"
EndProject
Project("{9A19103F-16F7-4668-BE54-9A1E7A4F7556}") = "MPITest", "MPITest\MPITest.csproj", "{BB493803-B5A6-4BFC-AAAD-28419D2C713F}"
EndProject
Project("{FAE04EC0-301F-11D3-BF4B-00C04F79EFBC}") = "GraphColoring", "GraphColoring\GraphColoring.csproj", "{B428A526-B100-49C6-8BFB-7B16D045E468}"
EndProject
Project("{FAE04EC0-301F-11D3-BF4B-00C04F79EFBC}") = "GraphTest", "GraphTest\GraphTest.csproj", "{C4615D78-5578-4C80-A2E6-62BA1FD1455A}"
EndProject
Global
	GlobalSection(SolutionConfigurationPlatforms) = preSolution
		Debug|Any CPU = Debug|Any CPU
		Debug|x64 = Debug|x64
		Release|Any CPU = Release|Any CPU
		Release|x64 = Release|x64
	EndGlobalSection
	GlobalSection(ProjectConfigurationPlatforms) = postSolution
		{69E39733-C85D-40FE-A4EC-C2BA46D27A29}.Debug|Any CPU.ActiveCfg = Debug|Any CPU
		{69E39733-C85D-40FE-A4EC-C2BA46D27A29}.Debug|Any CPU.Build.0 = Debug|Any CPU
		{69E39733-C85D-40FE-A4EC-C2BA46D27A29}.Debug|x64.ActiveCfg = Debug|Any CPU
		{69E39733-C85D-40FE-A4EC-C2BA46D27A29}.Debug|x64.Build.0 = Debug|Any CPU
		{69E39733-C85D-40FE-A4EC-C2BA46D27A29}.Release|Any CPU.ActiveCfg = Release|Any CPU
		{69E39733-C85D-40FE-A4EC-C2BA46D27A29}.Release|Any CPU.Build.0 = Release|Any CPU
		{69E39733-C85D-40FE-A4EC-C2BA46D27A29}.Release|x64.ActiveCfg = Release|Any CPU
		{69E39733-C85D-40FE-A4EC-C2BA46D27A29}.Release|x64.Build.0 = Release|Any CPU
		{C7DFB6BA-CC9D-4A39-99A6-AEBD1ED1E571}.Debug|Any CPU.ActiveCfg = Debug|Any CPU
		{C7DFB6BA-CC9D-4A39-99A6-AEBD1ED1E571}.Debug|Any CPU.Build.0 = Debug|Any CPU
		{C7DFB6BA-CC9D-4A39-99A6-AEBD1ED1E571}.Debug|x64.ActiveCfg = Debug|Any CPU
		{C7DFB6BA-CC9D-4A39-99A6-AEBD1ED1E571}.Debug|x64.Build.0 = Debug|Any CPU
		{C7DFB6BA-CC9D-4A39-99A6-AEBD1ED1E571}.Release|Any CPU.ActiveCfg = Release|Any CPU
		{C7DFB6BA-CC9D-4A39-99A6-AEBD1ED1E571}.Release|Any CPU.Build.0 = Release|Any CPU
		{C7DFB6BA-CC9D-4A39-99A6-AEBD1ED1E571}.Release|x64.ActiveCfg = Release|Any CPU
		{C7DFB6BA-CC9D-4A39-99A6-AEBD1ED1E571}.Release|x64.Build.0 = Release|Any CPU
		{E0BE928F-212D-45AF-9599-27645280E8EF}.Debug|Any CPU.ActiveCfg = Debug|Any CPU
		{E0BE928F-212D-45AF-9599-27645280E8EF}.Debug|Any CPU.Build.0 = Debug|Any CPU
		{E0BE928F-212D-45AF-9599-27645280E8EF}.Debug|x64.ActiveCfg = Debug|Any CPU
		{E0BE928F-212D-45AF-9599-27645280E8EF}.Debug|x64.Build.0 = Debug|Any CPU
		{E0BE928F-212D-45AF-9599-27645280E8EF}.Release|Any CPU.ActiveCfg = Release|Any CPU
		{E0BE928F-212D-45AF-9599-27645280E8EF}.Release|Any CPU.Build.0 = Release|Any CPU
		{E0BE928F-212D-45AF-9599-27645280E8EF}.Release|x64.ActiveCfg = Release|Any CPU
		{E0BE928F-212D-45AF-9599-27645280E8EF}.Release|x64.Build.0 = Release|Any CPU
		{9D5B6ED1-20AB-48CE-BB6A-C813745E367C}.Debug|Any CPU.ActiveCfg = Debug|Any CPU
		{9D5B6ED1-20AB-48CE-BB6A-C813745E367C}.Debug|Any CPU.Build.0 = Debug|Any CPU
		{9D5B6ED1-20AB-48CE-BB6A-C813745E367C}.Debug|x64.ActiveCfg = Debug|Any CPU
		{9D5B6ED1-20AB-48CE-BB6A-C813745E367C}.Debug|x64.Build.0 = Debug|Any CPU
		{9D5B6ED1-20AB-48CE-BB6A-C813745E367C}.Release|Any CPU.ActiveCfg = Release|Any CPU
		{9D5B6ED1-20AB-48CE-BB6A-C813745E367C}.Release|Any CPU.Build.0 = Release|Any CPU
		{9D5B6ED1-20AB-48CE-BB6A-C813745E367C}.Release|x64.ActiveCfg = Release|Any CPU
		{9D5B6ED1-20AB-48CE-BB6A-C813745E367C}.Release|x64.Build.0 = Release|Any CPU
		{EE41C99B-73E5-4864-829F-76AB99B1346E}.Debug|Any CPU.ActiveCfg = Debug|Any CPU
		{EE41C99B-73E5-4864-829F-76AB99B1346E}.Debug|Any CPU.Build.0 = Debug|Any CPU
		{EE41C99B-73E5-4864-829F-76AB99B1346E}.Debug|x64.ActiveCfg = Debug|Any CPU
		{EE41C99B-73E5-4864-829F-76AB99B1346E}.Debug|x64.Build.0 = Debug|Any CPU
		{EE41C99B-73E5-4864-829F-76AB99B1346E}.Release|Any CPU.ActiveCfg = Release|Any CPU
		{EE41C99B-73E5-4864-829F-76AB99B1346E}.Release|Any CPU.Build.0 = Release|Any CPU
		{EE41C99B-73E5-4864-829F-76AB99B1346E}.Release|x64.ActiveCfg = Release|Any CPU
		{EE41C99B-73E5-4864-829F-76AB99B1346E}.Release|x64.Build.0 = Release|Any CPU
		{5231664B-3BE0-41C7-BB55-AD15BD40890D}.Debug|Any CPU.ActiveCfg = Debug|Any CPU
		{5231664B-3BE0-41C7-BB55-AD15BD40890D}.Debug|Any CPU.Build.0 = Debug|Any CPU
		{5231664B-3BE0-41C7-BB55-AD15BD40890D}.Debug|x64.ActiveCfg = Debug|Any CPU
		{5231664B-3BE0-41C7-BB55-AD15BD40890D}.Debug|x64.Build.0 = Debug|Any CPU
		{5231664B-3BE0-41C7-BB55-AD15BD40890D}.Release|Any CPU.ActiveCfg = Release|Any CPU
		{5231664B-3BE0-41C7-BB55-AD15BD40890D}.Release|Any CPU.Build.0 = Release|Any CPU
		{5231664B-3BE0-41C7-BB55-AD15BD40890D}.Release|x64.ActiveCfg = Release|Any CPU
		{5231664B-3BE0-41C7-BB55-AD15BD40890D}.Release|x64.Build.0 = Release|Any CPU
		{377F86BA-CEA8-40AF-B8DD-634FCFC4D51E}.Debug|Any CPU.ActiveCfg = Debug|Any CPU
		{377F86BA-CEA8-40AF-B8DD-634FCFC4D51E}.Debug|Any CPU.Build.0 = Debug|Any CPU
		{377F86BA-CEA8-40AF-B8DD-634FCFC4D51E}.Debug|x64.ActiveCfg = Debug|x64
		{377F86BA-CEA8-40AF-B8DD-634FCFC4D51E}.Debug|x64.Build.0 = Debug|x64
		{377F86BA-CEA8-40AF-B8DD-634FCFC4D51E}.Release|Any CPU.ActiveCfg = Release|Any CPU
		{377F86BA-CEA8-40AF-B8DD-634FCFC4D51E}.Release|Any CPU.Build.0 = Release|Any CPU
		{377F86BA-CEA8-40AF-B8DD-634FCFC4D51E}.Release|x64.ActiveCfg = Release|x64
		{377F86BA-CEA8-40AF-B8DD-634FCFC4D51E}.Release|x64.Build.0 = Release|x64
		{BB493803-B5A6-4BFC-AAAD-28419D2C713F}.Debug|Any CPU.ActiveCfg = Debug|Any CPU
		{BB493803-B5A6-4BFC-AAAD-28419D2C713F}.Debug|Any CPU.Build.0 = Debug|Any CPU
		{BB493803-B5A6-4BFC-AAAD-28419D2C713F}.Debug|x64.ActiveCfg = Debug|Any CPU
		{BB493803-B5A6-4BFC-AAAD-28419D2C713F}.Debug|x64.Build.0 = Debug|Any CPU
		{BB493803-B5A6-4BFC-AAAD-28419D2C713F}.Release|Any CPU.ActiveCfg = Release|Any CPU
		{BB493803-B5A6-4BFC-AAAD-28419D2C713F}.Release|Any CPU.Build.0 = Release|Any CPU
		{BB493803-B5A6-4BFC-AAAD-28419D2C713F}.Release|x64.ActiveCfg = Release|Any CPU
		{BB493803-B5A6-4BFC-AAAD-28419D2C713F}.Release|x64.Build.0 = Release|Any CPU
		{B428A526-B100-49C6-8BFB-7B16D045E468}.Debug|Any CPU.ActiveCfg = Debug|Any CPU
		{B428A526-B100-49C6-8BFB-7B16D045E468}.Debug|Any CPU.Build.0 = Debug|Any CPU
		{B428A526-B100-49C6-8BFB-7B16D045E468}.Debug|x64.ActiveCfg = Debug|Any CPU
		{B428A526-B100-49C6-8BFB-7B16D045E468}.Debug|x64.Build.0 = Debug|Any CPU
		{B428A526-B100-49C6-8BFB-7B16D045E468}.Release|Any CPU.ActiveCfg = Release|Any CPU
		{B428A526-B100-49C6-8BFB-7B16D045E468}.Release|Any CPU.Build.0 = Release|Any CPU
		{B428A526-B100-49C6-8BFB-7B16D045E468}.Release|x64.ActiveCfg = Release|Any CPU
		{B428A526-B100-49C6-8BFB-7B16D045E468}.Release|x64.Build.0 = Release|Any CPU
		{C4615D78-5578-4C80-A2E6-62BA1FD1455A}.Debug|Any CPU.ActiveCfg = Debug|Any CPU
		{C4615D78-5578-4C80-A2E6-62BA1FD1455A}.Debug|Any CPU.Build.0 = Debug|Any CPU
		{C4615D78-5578-4C80-A2E6-62BA1FD1455A}.Debug|x64.ActiveCfg = Debug|Any CPU
		{C4615D78-5578-4C80-A2E6-62BA1FD1455A}.Debug|x64.Build.0 = Debug|Any CPU
		{C4615D78-5578-4C80-A2E6-62BA1FD1455A}.Release|Any CPU.ActiveCfg = Release|Any CPU
		{C4615D78-5578-4C80-A2E6-62BA1FD1455A}.Release|Any CPU.Build.0 = Release|Any CPU
		{C4615D78-5578-4C80-A2E6-62BA1FD1455A}.Release|x64.ActiveCfg = Release|Any CPU
		{C4615D78-5578-4C80-A2E6-62BA1FD1455A}.Release|x64.Build.0 = Release|Any CPU
	EndGlobalSection
	GlobalSection(SolutionProperties) = preSolution
		HideSolutionNode = FALSE
	EndGlobalSection
	GlobalSection(ExtensibilityGlobals) = postSolution
		SolutionGuid = {AABBD687-F534-4E04-9A4B-331251469E6C}
	EndGlobalSection
EndGlobal
